
Microsoft Visual Studio Solution File, Format Version 12.00
# Visual Studio Version 17
VisualStudioVersion = 17.11.35327.3
MinimumVisualStudioVersion = 10.0.40219.1
Project("{9A19103F-16F7-4668-BE54-9A1E7A4F7556}") = "KC.Models", "KC.Models\KC.Models.csproj", "{381D7BDB-B931-4458-9C9D-D5FE2EF13300}"
EndProject
Project("{9A19103F-16F7-4668-BE54-9A1E7A4F7556}") = "KC.Logic", "KC.Logic\KC.Logic.csproj", "{22781A91-BA5D-40BA-9F88-71DA27E4D735}"
EndProject
Project("{FAE04EC0-301F-11D3-BF4B-00C04F79EFBC}") = "KC.API", "KC.API\KC.API.csproj", "{8A2EF57A-E5C4-4B0C-A1D3-EF118DE9AD44}"
EndProject
Project("{FAE04EC0-301F-11D3-BF4B-00C04F79EFBC}") = "KC.Data", "KC.Data\KC.Data.csproj", "{61899CE5-092A-4EC3-A560-CCBD7C1B1521}"
EndProject
Global
	GlobalSection(SolutionConfigurationPlatforms) = preSolution
		Debug|Any CPU = Debug|Any CPU
		Release|Any CPU = Release|Any CPU
	EndGlobalSection
	GlobalSection(ProjectConfigurationPlatforms) = postSolution
		{381D7BDB-B931-4458-9C9D-D5FE2EF13300}.Debug|Any CPU.ActiveCfg = Debug|Any CPU
		{381D7BDB-B931-4458-9C9D-D5FE2EF13300}.Debug|Any CPU.Build.0 = Debug|Any CPU
		{381D7BDB-B931-4458-9C9D-D5FE2EF13300}.Release|Any CPU.ActiveCfg = Release|Any CPU
		{381D7BDB-B931-4458-9C9D-D5FE2EF13300}.Release|Any CPU.Build.0 = Release|Any CPU
		{22781A91-BA5D-40BA-9F88-71DA27E4D735}.Debug|Any CPU.ActiveCfg = Debug|Any CPU
		{22781A91-BA5D-40BA-9F88-71DA27E4D735}.Debug|Any CPU.Build.0 = Debug|Any CPU
		{22781A91-BA5D-40BA-9F88-71DA27E4D735}.Release|Any CPU.ActiveCfg = Release|Any CPU
		{22781A91-BA5D-40BA-9F88-71DA27E4D735}.Release|Any CPU.Build.0 = Release|Any CPU
		{8A2EF57A-E5C4-4B0C-A1D3-EF118DE9AD44}.Debug|Any CPU.ActiveCfg = Debug|Any CPU
		{8A2EF57A-E5C4-4B0C-A1D3-EF118DE9AD44}.Debug|Any CPU.Build.0 = Debug|Any CPU
		{8A2EF57A-E5C4-4B0C-A1D3-EF118DE9AD44}.Release|Any CPU.ActiveCfg = Release|Any CPU
		{8A2EF57A-E5C4-4B0C-A1D3-EF118DE9AD44}.Release|Any CPU.Build.0 = Release|Any CPU
		{61899CE5-092A-4EC3-A560-CCBD7C1B1521}.Debug|Any CPU.ActiveCfg = Debug|Any CPU
		{61899CE5-092A-4EC3-A560-CCBD7C1B1521}.Debug|Any CPU.Build.0 = Debug|Any CPU
		{61899CE5-092A-4EC3-A560-CCBD7C1B1521}.Release|Any CPU.ActiveCfg = Release|Any CPU
		{61899CE5-092A-4EC3-A560-CCBD7C1B1521}.Release|Any CPU.Build.0 = Release|Any CPU
	EndGlobalSection
	GlobalSection(SolutionProperties) = preSolution
		HideSolutionNode = FALSE
	EndGlobalSection
	GlobalSection(ExtensibilityGlobals) = postSolution
		SolutionGuid = {AE81EE4C-26FB-4D8F-8569-42FB312E5829}
	EndGlobalSection
EndGlobal
