
Microsoft Visual Studio Solution File, Format Version 12.00
# Visual Studio Version 17
VisualStudioVersion = 17.11.35327.3
MinimumVisualStudioVersion = 10.0.40219.1
Project("{FAE04EC0-301F-11D3-BF4B-00C04F79EFBC}") = "KC.Backend.API", "KC.Backend.API\KC.Backend.API.csproj", "{9B94527B-5C7D-42DA-B6C2-8F1B62B375AC}"
EndProject
Project("{FAE04EC0-301F-11D3-BF4B-00C04F79EFBC}") = "KC.Backend.Logic", "KC.Backend.Logic\KC.Backend.Logic.csproj", "{6BEE301E-22DF-4CC1-9F34-6E8F900F649D}"
EndProject
Project("{2150E333-8FDC-42A3-9474-1A3956D46DE8}") = "Backend", "Backend", "{02EA681E-C7D8-13C7-8484-4AC65E1B71E8}"
EndProject
Project("{2150E333-8FDC-42A3-9474-1A3956D46DE8}") = "Frontend", "Frontend", "{DA9B60A1-D894-4D0E-AEC4-9762F760F268}"
EndProject
Project("{2150E333-8FDC-42A3-9474-1A3956D46DE8}") = "Detector", "Detector", "{59C4F115-E6DF-4F6B-8CBF-1F6C73B0849B}"
EndProject
Project("{2150E333-8FDC-42A3-9474-1A3956D46DE8}") = "App", "App", "{709E2538-3B8D-4A85-B9F8-A80046A865A3}"
EndProject
Project("{FAE04EC0-301F-11D3-BF4B-00C04F79EFBC}") = "KC.Frontend.Client", "KC.Frontend.Client\KC.Frontend.Client.csproj", "{4DD84F8D-4232-46FE-B969-72F69493E54C}"
EndProject
Project("{FAE04EC0-301F-11D3-BF4B-00C04F79EFBC}") = "KC.Backend.Models", "KC.Backend.Models\KC.Backend.Models.csproj", "{AAD777D3-659F-4139-BF95-E782377943A4}"
EndProject
Project("{2150E333-8FDC-42A3-9474-1A3956D46DE8}") = "Shared", "Shared", "{E23871D5-B490-4B0D-AF27-A68D49B9C590}"
EndProject
Project("{FAE04EC0-301F-11D3-BF4B-00C04F79EFBC}") = "KC.Shared.Models", "KC.Shared.Models\KC.Shared.Models.csproj", "{7A8411D6-5A22-456B-AD76-1FCAE5893694}"
EndProject
Global
	GlobalSection(SolutionConfigurationPlatforms) = preSolution
		Debug|Any CPU = Debug|Any CPU
		Release|Any CPU = Release|Any CPU
	EndGlobalSection
	GlobalSection(ProjectConfigurationPlatforms) = postSolution
		{9B94527B-5C7D-42DA-B6C2-8F1B62B375AC}.Debug|Any CPU.ActiveCfg = Debug|Any CPU
		{9B94527B-5C7D-42DA-B6C2-8F1B62B375AC}.Debug|Any CPU.Build.0 = Debug|Any CPU
		{9B94527B-5C7D-42DA-B6C2-8F1B62B375AC}.Release|Any CPU.ActiveCfg = Release|Any CPU
		{9B94527B-5C7D-42DA-B6C2-8F1B62B375AC}.Release|Any CPU.Build.0 = Release|Any CPU
		{6BEE301E-22DF-4CC1-9F34-6E8F900F649D}.Debug|Any CPU.ActiveCfg = Debug|Any CPU
		{6BEE301E-22DF-4CC1-9F34-6E8F900F649D}.Debug|Any CPU.Build.0 = Debug|Any CPU
		{6BEE301E-22DF-4CC1-9F34-6E8F900F649D}.Release|Any CPU.ActiveCfg = Release|Any CPU
		{6BEE301E-22DF-4CC1-9F34-6E8F900F649D}.Release|Any CPU.Build.0 = Release|Any CPU
		{4DD84F8D-4232-46FE-B969-72F69493E54C}.Debug|Any CPU.ActiveCfg = Debug|Any CPU
		{4DD84F8D-4232-46FE-B969-72F69493E54C}.Debug|Any CPU.Build.0 = Debug|Any CPU
		{4DD84F8D-4232-46FE-B969-72F69493E54C}.Release|Any CPU.ActiveCfg = Release|Any CPU
		{4DD84F8D-4232-46FE-B969-72F69493E54C}.Release|Any CPU.Build.0 = Release|Any CPU
		{AAD777D3-659F-4139-BF95-E782377943A4}.Debug|Any CPU.ActiveCfg = Debug|Any CPU
		{AAD777D3-659F-4139-BF95-E782377943A4}.Debug|Any CPU.Build.0 = Debug|Any CPU
		{AAD777D3-659F-4139-BF95-E782377943A4}.Release|Any CPU.ActiveCfg = Release|Any CPU
		{AAD777D3-659F-4139-BF95-E782377943A4}.Release|Any CPU.Build.0 = Release|Any CPU
		{7A8411D6-5A22-456B-AD76-1FCAE5893694}.Debug|Any CPU.ActiveCfg = Debug|Any CPU
		{7A8411D6-5A22-456B-AD76-1FCAE5893694}.Debug|Any CPU.Build.0 = Debug|Any CPU
		{7A8411D6-5A22-456B-AD76-1FCAE5893694}.Release|Any CPU.ActiveCfg = Release|Any CPU
		{7A8411D6-5A22-456B-AD76-1FCAE5893694}.Release|Any CPU.Build.0 = Release|Any CPU
	EndGlobalSection
	GlobalSection(SolutionProperties) = preSolution
		HideSolutionNode = FALSE
	EndGlobalSection
	GlobalSection(NestedProjects) = preSolution
		{9B94527B-5C7D-42DA-B6C2-8F1B62B375AC} = {02EA681E-C7D8-13C7-8484-4AC65E1B71E8}
		{6BEE301E-22DF-4CC1-9F34-6E8F900F649D} = {02EA681E-C7D8-13C7-8484-4AC65E1B71E8}
		{02EA681E-C7D8-13C7-8484-4AC65E1B71E8} = {709E2538-3B8D-4A85-B9F8-A80046A865A3}
		{DA9B60A1-D894-4D0E-AEC4-9762F760F268} = {709E2538-3B8D-4A85-B9F8-A80046A865A3}
		{4DD84F8D-4232-46FE-B969-72F69493E54C} = {DA9B60A1-D894-4D0E-AEC4-9762F760F268}
		{AAD777D3-659F-4139-BF95-E782377943A4} = {02EA681E-C7D8-13C7-8484-4AC65E1B71E8}
		{E23871D5-B490-4B0D-AF27-A68D49B9C590} = {709E2538-3B8D-4A85-B9F8-A80046A865A3}
		{7A8411D6-5A22-456B-AD76-1FCAE5893694} = {E23871D5-B490-4B0D-AF27-A68D49B9C590}
	EndGlobalSection
	GlobalSection(ExtensibilityGlobals) = postSolution
		SolutionGuid = {AE81EE4C-26FB-4D8F-8569-42FB312E5829}
	EndGlobalSection
EndGlobal
